
Microsoft Visual Studio Solution File, Format Version 12.00
# Visual Studio 15
VisualStudioVersion = 15.0.27703.2026
MinimumVisualStudioVersion = 10.0.40219.1
Project("{FAE04EC0-301F-11D3-BF4B-00C04F79EFBC}") = "DisciplineMe.UI", "DisciplineMe.UI\DisciplineMe.UI.csproj", "{02641323-EC8A-491C-946E-D8C935A13743}"
EndProject
Project("{FAE04EC0-301F-11D3-BF4B-00C04F79EFBC}") = "DisciplineMe.Lib", "DisciplineMe.Lib\DisciplineMe.Lib.csproj", "{479A9302-49D4-4172-BB8C-2A18D385FEAF}"
EndProject
Global
	GlobalSection(SolutionConfigurationPlatforms) = preSolution
		Debug|Any CPU = Debug|Any CPU
		Release|Any CPU = Release|Any CPU
	EndGlobalSection
	GlobalSection(ProjectConfigurationPlatforms) = postSolution
		{02641323-EC8A-491C-946E-D8C935A13743}.Debug|Any CPU.ActiveCfg = Debug|Any CPU
		{02641323-EC8A-491C-946E-D8C935A13743}.Debug|Any CPU.Build.0 = Debug|Any CPU
		{02641323-EC8A-491C-946E-D8C935A13743}.Release|Any CPU.ActiveCfg = Release|Any CPU
		{02641323-EC8A-491C-946E-D8C935A13743}.Release|Any CPU.Build.0 = Release|Any CPU
		{479A9302-49D4-4172-BB8C-2A18D385FEAF}.Debug|Any CPU.ActiveCfg = Debug|Any CPU
		{479A9302-49D4-4172-BB8C-2A18D385FEAF}.Debug|Any CPU.Build.0 = Debug|Any CPU
		{479A9302-49D4-4172-BB8C-2A18D385FEAF}.Release|Any CPU.ActiveCfg = Release|Any CPU
		{479A9302-49D4-4172-BB8C-2A18D385FEAF}.Release|Any CPU.Build.0 = Release|Any CPU
	EndGlobalSection
	GlobalSection(SolutionProperties) = preSolution
		HideSolutionNode = FALSE
	EndGlobalSection
	GlobalSection(ExtensibilityGlobals) = postSolution
		SolutionGuid = {1E5274D2-925D-4264-8E08-F23551A66F70}
	EndGlobalSection
EndGlobal
